
Microsoft Visual Studio Solution File, Format Version 12.00
# Visual Studio Version 16
VisualStudioVersion = 16.0.31205.134
MinimumVisualStudioVersion = 10.0.40219.1
Project("{9A19103F-16F7-4668-BE54-9A1E7A4F7556}") = "DuneEdit2", "DuneEdit2\DuneEdit2.csproj", "{75528F26-B5B3-4AF0-AAC0-38AD941A140F}"
EndProject
Project("{FAE04EC0-301F-11D3-BF4B-00C04F79EFBC}") = "DuneEdit2.UnitTests", "DuneEdit2.UnitTests\DuneEdit2.UnitTests.csproj", "{ECA955D5-EA7C-4CA3-BB7D-61AF7D2BA6DE}"
EndProject
Global
	GlobalSection(SolutionConfigurationPlatforms) = preSolution
		Debug|Any CPU = Debug|Any CPU
		Release|Any CPU = Release|Any CPU
	EndGlobalSection
	GlobalSection(ProjectConfigurationPlatforms) = postSolution
		{75528F26-B5B3-4AF0-AAC0-38AD941A140F}.Debug|Any CPU.ActiveCfg = Debug|Any CPU
		{75528F26-B5B3-4AF0-AAC0-38AD941A140F}.Debug|Any CPU.Build.0 = Debug|Any CPU
		{75528F26-B5B3-4AF0-AAC0-38AD941A140F}.Release|Any CPU.ActiveCfg = Release|Any CPU
		{75528F26-B5B3-4AF0-AAC0-38AD941A140F}.Release|Any CPU.Build.0 = Release|Any CPU
		{ECA955D5-EA7C-4CA3-BB7D-61AF7D2BA6DE}.Debug|Any CPU.ActiveCfg = Debug|Any CPU
		{ECA955D5-EA7C-4CA3-BB7D-61AF7D2BA6DE}.Debug|Any CPU.Build.0 = Debug|Any CPU
		{ECA955D5-EA7C-4CA3-BB7D-61AF7D2BA6DE}.Release|Any CPU.ActiveCfg = Release|Any CPU
		{ECA955D5-EA7C-4CA3-BB7D-61AF7D2BA6DE}.Release|Any CPU.Build.0 = Release|Any CPU
	EndGlobalSection
	GlobalSection(SolutionProperties) = preSolution
		HideSolutionNode = FALSE
	EndGlobalSection
	GlobalSection(ExtensibilityGlobals) = postSolution
		SolutionGuid = {2C6AC068-8A71-44F4-BEB1-7D97EBD423B3}
	EndGlobalSection
EndGlobal
