
Microsoft Visual Studio Solution File, Format Version 11.00
# Visual Studio 2010
Project("{FAE04EC0-301F-11D3-BF4B-00C04F79EFBC}") = "DuneExtractor", "DuneExtractor.csproj", "{771158AF-74BD-49A7-B315-AE158B86F0E9}"
EndProject
Global
	GlobalSection(SolutionConfigurationPlatforms) = preSolution
		Debug|Any CPU = Debug|Any CPU
		Release|Any CPU = Release|Any CPU
	EndGlobalSection
	GlobalSection(ProjectConfigurationPlatforms) = postSolution
		{771158AF-74BD-49A7-B315-AE158B86F0E9}.Debug|Any CPU.ActiveCfg = Debug|Any CPU
		{771158AF-74BD-49A7-B315-AE158B86F0E9}.Debug|Any CPU.Build.0 = Debug|Any CPU
		{771158AF-74BD-49A7-B315-AE158B86F0E9}.Release|Any CPU.ActiveCfg = Release|Any CPU
		{771158AF-74BD-49A7-B315-AE158B86F0E9}.Release|Any CPU.Build.0 = Release|Any CPU
	EndGlobalSection
	GlobalSection(SolutionProperties) = preSolution
		HideSolutionNode = FALSE
	EndGlobalSection
EndGlobal
